
Microsoft Visual Studio Solution File, Format Version 12.00
# Visual Studio 15
VisualStudioVersion = 15.0.28307.102
MinimumVisualStudioVersion = 10.0.40219.1
Project("{FAE04EC0-301F-11D3-BF4B-00C04F79EFBC}") = "PracticaAPI.API", "PracticaAPI.API\PracticaAPI.API.csproj", "{702BCE78-073C-4702-9027-610824CA1461}"
EndProject
Global
	GlobalSection(SolutionConfigurationPlatforms) = preSolution
		Debug|Any CPU = Debug|Any CPU
		Release|Any CPU = Release|Any CPU
	EndGlobalSection
	GlobalSection(ProjectConfigurationPlatforms) = postSolution
		{702BCE78-073C-4702-9027-610824CA1461}.Debug|Any CPU.ActiveCfg = Debug|Any CPU
		{702BCE78-073C-4702-9027-610824CA1461}.Debug|Any CPU.Build.0 = Debug|Any CPU
		{702BCE78-073C-4702-9027-610824CA1461}.Release|Any CPU.ActiveCfg = Release|Any CPU
		{702BCE78-073C-4702-9027-610824CA1461}.Release|Any CPU.Build.0 = Release|Any CPU
	EndGlobalSection
	GlobalSection(SolutionProperties) = preSolution
		HideSolutionNode = FALSE
	EndGlobalSection
	GlobalSection(ExtensibilityGlobals) = postSolution
		SolutionGuid = {178E8EC4-DF30-4318-B8C1-DC061E24B56C}
	EndGlobalSection
EndGlobal
